// !$*UTF8*$!
{
	archiveVersion = 1;
	classes = {
	};
	objectVersion = 56;
	objects = {

/* Begin PBXBuildFile section */
		15097E4B2F0FADCA0083F533 /* SplashDeliveryViewController.swift in Sources */ = {isa = PBXBuildFile; fileRef = 15097E4A2F0FADCA0083F533 /* SplashDeliveryViewController.swift */; };
		15097E4D2F0FADDF0083F533 /* SplashDeliveryViewController.xib in Resources */ = {isa = PBXBuildFile; fileRef = 15097E4C2F0FADDF0083F533 /* SplashDeliveryViewController.xib */; };
		15097E4F2F0FB2B30083F533 /* CustomLbSplash.swift in Sources */ = {isa = PBXBuildFile; fileRef = 15097E4E2F0FB2B30083F533 /* CustomLbSplash.swift */; };
		15097E512F0FB2CC0083F533 /* CustomLbSplash.xib in Resources */ = {isa = PBXBuildFile; fileRef = 15097E502F0FB2CC0083F533 /* CustomLbSplash.xib */; };
		151B0DDB2F14EEF5009003AC /* SplashPageViewController.swift in Sources */ = {isa = PBXBuildFile; fileRef = 151B0DDA2F14EEF5009003AC /* SplashPageViewController.swift */; };
		151B0DDD2F14EF19009003AC /* SplashPageViewController.xib in Resources */ = {isa = PBXBuildFile; fileRef = 151B0DDC2F14EF19009003AC /* SplashPageViewController.xib */; };
		153580322F18CA9C00278D38 /* LoginViewController.swift in Sources */ = {isa = PBXBuildFile; fileRef = 153580312F18CA9C00278D38 /* LoginViewController.swift */; };
		153580352F1A58FA00278D38 /* NetworkService.swift in Sources */ = {isa = PBXBuildFile; fileRef = 153580342F1A58FA00278D38 /* NetworkService.swift */; };
		153580372F1A592400278D38 /* SplashAPI.swift in Sources */ = {isa = PBXBuildFile; fileRef = 153580362F1A592400278D38 /* SplashAPI.swift */; };
		1541309F2F0D4D5B0049340B /* AppDelegate.swift in Sources */ = {isa = PBXBuildFile; fileRef = 1541309E2F0D4D5B0049340B /* AppDelegate.swift */; };
		154130A12F0D4D5B0049340B /* SceneDelegate.swift in Sources */ = {isa = PBXBuildFile; fileRef = 154130A02F0D4D5B0049340B /* SceneDelegate.swift */; };
		154130A82F0D4D5E0049340B /* Assets.xcassets in Resources */ = {isa = PBXBuildFile; fileRef = 154130A72F0D4D5E0049340B /* Assets.xcassets */; };
		154130AB2F0D4D5E0049340B /* LaunchScreen.storyboard in Resources */ = {isa = PBXBuildFile; fileRef = 154130A92F0D4D5E0049340B /* LaunchScreen.storyboard */; };
		154130B92F0D542A0049340B /* ButtonSplashCustom.swift in Sources */ = {isa = PBXBuildFile; fileRef = 154130B82F0D542A0049340B /* ButtonSplashCustom.swift */; };
		154130BD2F0D585B0049340B /* ColorSet.swift in Sources */ = {isa = PBXBuildFile; fileRef = 154130BC2F0D585B0049340B /* ColorSet.swift */; };
		155CF29A2F18881200DE729A /* HomeViewController.swift in Sources */ = {isa = PBXBuildFile; fileRef = 155CF2992F18881200DE729A /* HomeViewController.swift */; };
		158A05CA2F1D38E3008C5F98 /* SplashData.swift in Sources */ = {isa = PBXBuildFile; fileRef = 158A05C92F1D38E3008C5F98 /* SplashData.swift */; };
		158A05CC2F1E16DA008C5F98 /* SplashServiceProtocol.swift in Sources */ = {isa = PBXBuildFile; fileRef = 158A05CB2F1E16DA008C5F98 /* SplashServiceProtocol.swift */; };
		15E5698A2F0E14A90068B865 /* ButtonSplashCustom.xib in Resources */ = {isa = PBXBuildFile; fileRef = 15E569892F0E14A90068B865 /* ButtonSplashCustom.xib */; };
/* End PBXBuildFile section */

/* Begin PBXFileReference section */
		15097E4A2F0FADCA0083F533 /* SplashDeliveryViewController.swift */ = {isa = PBXFileReference; lastKnownFileType = sourcecode.swift; path = SplashDeliveryViewController.swift; sourceTree = "<group>"; };
		15097E4C2F0FADDF0083F533 /* SplashDeliveryViewController.xib */ = {isa = PBXFileReference; lastKnownFileType = file.xib; path = SplashDeliveryViewController.xib; sourceTree = "<group>"; };
		15097E4E2F0FB2B30083F533 /* CustomLbSplash.swift */ = {isa = PBXFileReference; lastKnownFileType = sourcecode.swift; path = CustomLbSplash.swift; sourceTree = "<group>"; };
		15097E502F0FB2CC0083F533 /* CustomLbSplash.xib */ = {isa = PBXFileReference; lastKnownFileType = file.xib; path = CustomLbSplash.xib; sourceTree = "<group>"; };
		151B0DDA2F14EEF5009003AC /* SplashPageViewController.swift */ = {isa = PBXFileReference; lastKnownFileType = sourcecode.swift; path = SplashPageViewController.swift; sourceTree = "<group>"; };
		151B0DDC2F14EF19009003AC /* SplashPageViewController.xib */ = {isa = PBXFileReference; lastKnownFileType = file.xib; path = SplashPageViewController.xib; sourceTree = "<group>"; };
		153580312F18CA9C00278D38 /* LoginViewController.swift */ = {isa = PBXFileReference; lastKnownFileType = sourcecode.swift; path = LoginViewController.swift; sourceTree = "<group>"; };
		153580342F1A58FA00278D38 /* NetworkService.swift */ = {isa = PBXFileReference; lastKnownFileType = sourcecode.swift; path = NetworkService.swift; sourceTree = "<group>"; };
		153580362F1A592400278D38 /* SplashAPI.swift */ = {isa = PBXFileReference; lastKnownFileType = sourcecode.swift; path = SplashAPI.swift; sourceTree = "<group>"; };
		1541309B2F0D4D5B0049340B /* grocery-app.app */ = {isa = PBXFileReference; explicitFileType = wrapper.application; includeInIndex = 0; path = "grocery-app.app"; sourceTree = BUILT_PRODUCTS_DIR; };
		1541309E2F0D4D5B0049340B /* AppDelegate.swift */ = {isa = PBXFileReference; lastKnownFileType = sourcecode.swift; path = AppDelegate.swift; sourceTree = "<group>"; };
		154130A02F0D4D5B0049340B /* SceneDelegate.swift */ = {isa = PBXFileReference; lastKnownFileType = sourcecode.swift; path = SceneDelegate.swift; sourceTree = "<group>"; };
		154130A72F0D4D5E0049340B /* Assets.xcassets */ = {isa = PBXFileReference; lastKnownFileType = folder.assetcatalog; path = Assets.xcassets; sourceTree = "<group>"; };
		154130AA2F0D4D5E0049340B /* Base */ = {isa = PBXFileReference; lastKnownFileType = file.storyboard; name = Base; path = Base.lproj/LaunchScreen.storyboard; sourceTree = "<group>"; };
		154130AC2F0D4D5E0049340B /* Info.plist */ = {isa = PBXFileReference; lastKnownFileType = text.plist.xml; path = Info.plist; sourceTree = "<group>"; };
		154130B82F0D542A0049340B /* ButtonSplashCustom.swift */ = {isa = PBXFileReference; lastKnownFileType = sourcecode.swift; path = ButtonSplashCustom.swift; sourceTree = "<group>"; };
		154130BC2F0D585B0049340B /* ColorSet.swift */ = {isa = PBXFileReference; lastKnownFileType = sourcecode.swift; path = ColorSet.swift; sourceTree = "<group>"; };
		155CF2992F18881200DE729A /* HomeViewController.swift */ = {isa = PBXFileReference; lastKnownFileType = sourcecode.swift; path = HomeViewController.swift; sourceTree = "<group>"; };
		158A05C92F1D38E3008C5F98 /* SplashData.swift */ = {isa = PBXFileReference; lastKnownFileType = sourcecode.swift; path = SplashData.swift; sourceTree = "<group>"; };
		158A05CB2F1E16DA008C5F98 /* SplashServiceProtocol.swift */ = {isa = PBXFileReference; lastKnownFileType = sourcecode.swift; path = SplashServiceProtocol.swift; sourceTree = "<group>"; };
		15E569892F0E14A90068B865 /* ButtonSplashCustom.xib */ = {isa = PBXFileReference; lastKnownFileType = file.xib; path = ButtonSplashCustom.xib; sourceTree = "<group>"; };
/* End PBXFileReference section */

/* Begin PBXFrameworksBuildPhase section */
		154130982F0D4D5B0049340B /* Frameworks */ = {
			isa = PBXFrameworksBuildPhase;
			buildActionMask = 2147483647;
			files = (
			);
			runOnlyForDeploymentPostprocessing = 0;
		};
/* End PBXFrameworksBuildPhase section */

/* Begin PBXGroup section */
		153580302F18CA6C00278D38 /* WelcomeToSignUpSignIn */ = {
			isa = PBXGroup;
			children = (
				153580312F18CA9C00278D38 /* LoginViewController.swift */,
			);
			path = WelcomeToSignUpSignIn;
			sourceTree = "<group>";
		};
		153580332F1A58D200278D38 /* Models */ = {
			isa = PBXGroup;
			children = (
				158A05C92F1D38E3008C5F98 /* SplashData.swift */,
			);
			path = Models;
			sourceTree = "<group>";
		};
		154130922F0D4D5A0049340B = {
			isa = PBXGroup;
			children = (
				1541309D2F0D4D5B0049340B /* grocery-app */,
				1541309C2F0D4D5B0049340B /* Products */,
			);
			sourceTree = "<group>";
		};
		1541309C2F0D4D5B0049340B /* Products */ = {
			isa = PBXGroup;
			children = (
				1541309B2F0D4D5B0049340B /* grocery-app.app */,
			);
			name = Products;
			sourceTree = "<group>";
		};
		1541309D2F0D4D5B0049340B /* grocery-app */ = {
			isa = PBXGroup;
			children = (
				158A05D02F1E2828008C5F98 /* Services */,
				158A05CD2F1E17E9008C5F98 /* Controllers */,
				153580332F1A58D200278D38 /* Models */,
				154130BE2F0D5A9B0049340B /* Views */,
				154130BA2F0D57F30049340B /* Utilities */,
				1541309E2F0D4D5B0049340B /* AppDelegate.swift */,
				154130A02F0D4D5B0049340B /* SceneDelegate.swift */,
				154130A72F0D4D5E0049340B /* Assets.xcassets */,
				154130A92F0D4D5E0049340B /* LaunchScreen.storyboard */,
				154130AC2F0D4D5E0049340B /* Info.plist */,
				158A05CB2F1E16DA008C5F98 /* SplashServiceProtocol.swift */,
			);
			path = "grocery-app";
			sourceTree = "<group>";
		};
		154130B22F0D518D0049340B /* SplashViewController */ = {
			isa = PBXGroup;
			children = (
				154130B72F0D53FD0049340B /* CustomView */,
				15097E4A2F0FADCA0083F533 /* SplashDeliveryViewController.swift */,
				15097E4C2F0FADDF0083F533 /* SplashDeliveryViewController.xib */,
				151B0DDA2F14EEF5009003AC /* SplashPageViewController.swift */,
				151B0DDC2F14EF19009003AC /* SplashPageViewController.xib */,
			);
			path = SplashViewController;
			sourceTree = "<group>";
		};
		154130B72F0D53FD0049340B /* CustomView */ = {
			isa = PBXGroup;
			children = (
				154130B82F0D542A0049340B /* ButtonSplashCustom.swift */,
				15E569892F0E14A90068B865 /* ButtonSplashCustom.xib */,
				15097E4E2F0FB2B30083F533 /* CustomLbSplash.swift */,
				15097E502F0FB2CC0083F533 /* CustomLbSplash.xib */,
			);
			path = CustomView;
			sourceTree = "<group>";
		};
		154130BA2F0D57F30049340B /* Utilities */ = {
			isa = PBXGroup;
			children = (
				154130BB2F0D58420049340B /* Constants */,
			);
			path = Utilities;
			sourceTree = "<group>";
		};
		154130BB2F0D58420049340B /* Constants */ = {
			isa = PBXGroup;
			children = (
				154130BC2F0D585B0049340B /* ColorSet.swift */,
			);
			path = Constants;
			sourceTree = "<group>";
		};
		154130BE2F0D5A9B0049340B /* Views */ = {
			isa = PBXGroup;
			children = (
				153580302F18CA6C00278D38 /* WelcomeToSignUpSignIn */,
				155CF2982F1887FD00DE729A /* Home */,
				154130B22F0D518D0049340B /* SplashViewController */,
			);
			path = Views;
			sourceTree = "<group>";
		};
		155CF2982F1887FD00DE729A /* Home */ = {
			isa = PBXGroup;
			children = (
				155CF2992F18881200DE729A /* HomeViewController.swift */,
			);
			path = Home;
			sourceTree = "<group>";
		};
		158A05CD2F1E17E9008C5F98 /* Controllers */ = {
			isa = PBXGroup;
			children = (
			);
			path = Controllers;
			sourceTree = "<group>";
		};
		158A05D02F1E2828008C5F98 /* Services */ = {
			isa = PBXGroup;
			children = (
				153580342F1A58FA00278D38 /* NetworkService.swift */,
				153580362F1A592400278D38 /* SplashAPI.swift */,
			);
			path = Services;
			sourceTree = "<group>";
		};
/* End PBXGroup section */

/* Begin PBXNativeTarget section */
		1541309A2F0D4D5B0049340B /* grocery-app */ = {
			isa = PBXNativeTarget;
			buildConfigurationList = 154130AF2F0D4D5E0049340B /* Build configuration list for PBXNativeTarget "grocery-app" */;
			buildPhases = (
				154130972F0D4D5B0049340B /* Sources */,
				154130982F0D4D5B0049340B /* Frameworks */,
				154130992F0D4D5B0049340B /* Resources */,
			);
			buildRules = (
			);
			dependencies = (
			);
			name = "grocery-app";
			productName = "grocery-app";
			productReference = 1541309B2F0D4D5B0049340B /* grocery-app.app */;
			productType = "com.apple.product-type.application";
		};
/* End PBXNativeTarget section */

/* Begin PBXProject section */
		154130932F0D4D5A0049340B /* Project object */ = {
			isa = PBXProject;
			attributes = {
				BuildIndependentTargetsInParallel = 1;
				LastSwiftUpdateCheck = 1520;
				LastUpgradeCheck = 1520;
				TargetAttributes = {
					1541309A2F0D4D5B0049340B = {
						CreatedOnToolsVersion = 15.2;
					};
				};
			};
			buildConfigurationList = 154130962F0D4D5A0049340B /* Build configuration list for PBXProject "grocery-app" */;
			compatibilityVersion = "Xcode 14.0";
			developmentRegion = en;
			hasScannedForEncodings = 0;
			knownRegions = (
				en,
				Base,
			);
			mainGroup = 154130922F0D4D5A0049340B;
			productRefGroup = 1541309C2F0D4D5B0049340B /* Products */;
			projectDirPath = "";
			projectRoot = "";
			targets = (
				1541309A2F0D4D5B0049340B /* grocery-app */,
			);
		};
/* End PBXProject section */

/* Begin PBXResourcesBuildPhase section */
		154130992F0D4D5B0049340B /* Resources */ = {
			isa = PBXResourcesBuildPhase;
			buildActionMask = 2147483647;
			files = (
				151B0DDD2F14EF19009003AC /* SplashPageViewController.xib in Resources */,
				154130AB2F0D4D5E0049340B /* LaunchScreen.storyboard in Resources */,
				15E5698A2F0E14A90068B865 /* ButtonSplashCustom.xib in Resources */,
				15097E4D2F0FADDF0083F533 /* SplashDeliveryViewController.xib in Resources */,
				15097E512F0FB2CC0083F533 /* CustomLbSplash.xib in Resources */,
				154130A82F0D4D5E0049340B /* Assets.xcassets in Resources */,
			);
			runOnlyForDeploymentPostprocessing = 0;
		};
/* End PBXResourcesBuildPhase section */

/* Begin PBXSourcesBuildPhase section */
		154130972F0D4D5B0049340B /* Sources */ = {
			isa = PBXSourcesBuildPhase;
			buildActionMask = 2147483647;
			files = (
				153580352F1A58FA00278D38 /* NetworkService.swift in Sources */,
				154130B92F0D542A0049340B /* ButtonSplashCustom.swift in Sources */,
				15097E4B2F0FADCA0083F533 /* SplashDeliveryViewController.swift in Sources */,
				158A05CC2F1E16DA008C5F98 /* SplashServiceProtocol.swift in Sources */,
				1541309F2F0D4D5B0049340B /* AppDelegate.swift in Sources */,
				155CF29A2F18881200DE729A /* HomeViewController.swift in Sources */,
				15097E4F2F0FB2B30083F533 /* CustomLbSplash.swift in Sources */,
				154130A12F0D4D5B0049340B /* SceneDelegate.swift in Sources */,
				154130BD2F0D585B0049340B /* ColorSet.swift in Sources */,
				158A05CA2F1D38E3008C5F98 /* SplashData.swift in Sources */,
				153580322F18CA9C00278D38 /* LoginViewController.swift in Sources */,
				151B0DDB2F14EEF5009003AC /* SplashPageViewController.swift in Sources */,
				153580372F1A592400278D38 /* SplashAPI.swift in Sources */,
			);
			runOnlyForDeploymentPostprocessing = 0;
		};
/* End PBXSourcesBuildPhase section */

/* Begin PBXVariantGroup section */
		154130A92F0D4D5E0049340B /* LaunchScreen.storyboard */ = {
			isa = PBXVariantGroup;
			children = (
				154130AA2F0D4D5E0049340B /* Base */,
			);
			name = LaunchScreen.storyboard;
			sourceTree = "<group>";
		};
/* End PBXVariantGroup section */

/* Begin XCBuildConfiguration section */
		154130AD2F0D4D5E0049340B /* Debug */ = {
			isa = XCBuildConfiguration;
			buildSettings = {
				ALWAYS_SEARCH_USER_PATHS = NO;
				ASSETCATALOG_COMPILER_GENERATE_SWIFT_ASSET_SYMBOL_EXTENSIONS = YES;
				CLANG_ANALYZER_NONNULL = YES;
				CLANG_ANALYZER_NUMBER_OBJECT_CONVERSION = YES_AGGRESSIVE;
				CLANG_CXX_LANGUAGE_STANDARD = "gnu++20";
				CLANG_ENABLE_MODULES = YES;
				CLANG_ENABLE_OBJC_ARC = YES;
				CLANG_ENABLE_OBJC_WEAK = YES;
				CLANG_WARN_BLOCK_CAPTURE_AUTORELEASING = YES;
				CLANG_WARN_BOOL_CONVERSION = YES;
				CLANG_WARN_COMMA = YES;
				CLANG_WARN_CONSTANT_CONVERSION = YES;
				CLANG_WARN_DEPRECATED_OBJC_IMPLEMENTATIONS = YES;
				CLANG_WARN_DIRECT_OBJC_ISA_USAGE = YES_ERROR;
				CLANG_WARN_DOCUMENTATION_COMMENTS = YES;
				CLANG_WARN_EMPTY_BODY = YES;
				CLANG_WARN_ENUM_CONVERSION = YES;
				CLANG_WARN_INFINITE_RECURSION = YES;
				CLANG_WARN_INT_CONVERSION = YES;
				CLANG_WARN_NON_LITERAL_NULL_CONVERSION = YES;
				CLANG_WARN_OBJC_IMPLICIT_RETAIN_SELF = YES;
				CLANG_WARN_OBJC_LITERAL_CONVERSION = YES;
				CLANG_WARN_OBJC_ROOT_CLASS = YES_ERROR;
				CLANG_WARN_QUOTED_INCLUDE_IN_FRAMEWORK_HEADER = YES;
				CLANG_WARN_RANGE_LOOP_ANALYSIS = YES;
				CLANG_WARN_STRICT_PROTOTYPES = YES;
				CLANG_WARN_SUSPICIOUS_MOVE = YES;
				CLANG_WARN_UNGUARDED_AVAILABILITY = YES_AGGRESSIVE;
				CLANG_WARN_UNREACHABLE_CODE = YES;
				CLANG_WARN__DUPLICATE_METHOD_MATCH = YES;
				COPY_PHASE_STRIP = NO;
				DEBUG_INFORMATION_FORMAT = dwarf;
				ENABLE_STRICT_OBJC_MSGSEND = YES;
				ENABLE_TESTABILITY = YES;
				ENABLE_USER_SCRIPT_SANDBOXING = YES;
				GCC_C_LANGUAGE_STANDARD = gnu17;
				GCC_DYNAMIC_NO_PIC = NO;
				GCC_NO_COMMON_BLOCKS = YES;
				GCC_OPTIMIZATION_LEVEL = 0;
				GCC_PREPROCESSOR_DEFINITIONS = (
					"DEBUG=1",
					"$(inherited)",
				);
				GCC_WARN_64_TO_32_BIT_CONVERSION = YES;
				GCC_WARN_ABOUT_RETURN_TYPE = YES_ERROR;
				GCC_WARN_UNDECLARED_SELECTOR = YES;
				GCC_WARN_UNINITIALIZED_AUTOS = YES_AGGRESSIVE;
				GCC_WARN_UNUSED_FUNCTION = YES;
				GCC_WARN_UNUSED_VARIABLE = YES;
				IPHONEOS_DEPLOYMENT_TARGET = 17.2;
				LOCALIZATION_PREFERS_STRING_CATALOGS = YES;
				MTL_ENABLE_DEBUG_INFO = INCLUDE_SOURCE;
				MTL_FAST_MATH = YES;
				ONLY_ACTIVE_ARCH = YES;
				SDKROOT = iphoneos;
				SWIFT_ACTIVE_COMPILATION_CONDITIONS = "DEBUG $(inherited)";
				SWIFT_OPTIMIZATION_LEVEL = "-Onone";
			};
			name = Debug;
		};
		154130AE2F0D4D5E0049340B /* Release */ = {
			isa = XCBuildConfiguration;
			buildSettings = {
				ALWAYS_SEARCH_USER_PATHS = NO;
				ASSETCATALOG_COMPILER_GENERATE_SWIFT_ASSET_SYMBOL_EXTENSIONS = YES;
				CLANG_ANALYZER_NONNULL = YES;
				CLANG_ANALYZER_NUMBER_OBJECT_CONVERSION = YES_AGGRESSIVE;
				CLANG_CXX_LANGUAGE_STANDARD = "gnu++20";
				CLANG_ENABLE_MODULES = YES;
				CLANG_ENABLE_OBJC_ARC = YES;
				CLANG_ENABLE_OBJC_WEAK = YES;
				CLANG_WARN_BLOCK_CAPTURE_AUTORELEASING = YES;
				CLANG_WARN_BOOL_CONVERSION = YES;
				CLANG_WARN_COMMA = YES;
				CLANG_WARN_CONSTANT_CONVERSION = YES;
				CLANG_WARN_DEPRECATED_OBJC_IMPLEMENTATIONS = YES;
				CLANG_WARN_DIRECT_OBJC_ISA_USAGE = YES_ERROR;
				CLANG_WARN_DOCUMENTATION_COMMENTS = YES;
				CLANG_WARN_EMPTY_BODY = YES;
				CLANG_WARN_ENUM_CONVERSION = YES;
				CLANG_WARN_INFINITE_RECURSION = YES;
				CLANG_WARN_INT_CONVERSION = YES;
				CLANG_WARN_NON_LITERAL_NULL_CONVERSION = YES;
				CLANG_WARN_OBJC_IMPLICIT_RETAIN_SELF = YES;
				CLANG_WARN_OBJC_LITERAL_CONVERSION = YES;
				CLANG_WARN_OBJC_ROOT_CLASS = YES_ERROR;
				CLANG_WARN_QUOTED_INCLUDE_IN_FRAMEWORK_HEADER = YES;
				CLANG_WARN_RANGE_LOOP_ANALYSIS = YES;
				CLANG_WARN_STRICT_PROTOTYPES = YES;
				CLANG_WARN_SUSPICIOUS_MOVE = YES;
				CLANG_WARN_UNGUARDED_AVAILABILITY = YES_AGGRESSIVE;
				CLANG_WARN_UNREACHABLE_CODE = YES;
				CLANG_WARN__DUPLICATE_METHOD_MATCH = YES;
				COPY_PHASE_STRIP = NO;
				DEBUG_INFORMATION_FORMAT = "dwarf-with-dsym";
				ENABLE_NS_ASSERTIONS = NO;
				ENABLE_STRICT_OBJC_MSGSEND = YES;
				ENABLE_USER_SCRIPT_SANDBOXING = YES;
				GCC_C_LANGUAGE_STANDARD = gnu17;
				GCC_NO_COMMON_BLOCKS = YES;
				GCC_WARN_64_TO_32_BIT_CONVERSION = YES;
				GCC_WARN_ABOUT_RETURN_TYPE = YES_ERROR;
				GCC_WARN_UNDECLARED_SELECTOR = YES;
				GCC_WARN_UNINITIALIZED_AUTOS = YES_AGGRESSIVE;
				GCC_WARN_UNUSED_FUNCTION = YES;
				GCC_WARN_UNUSED_VARIABLE = YES;
				IPHONEOS_DEPLOYMENT_TARGET = 17.2;
				LOCALIZATION_PREFERS_STRING_CATALOGS = YES;
				MTL_ENABLE_DEBUG_INFO = NO;
				MTL_FAST_MATH = YES;
				SDKROOT = iphoneos;
				SWIFT_COMPILATION_MODE = wholemodule;
				VALIDATE_PRODUCT = YES;
			};
			name = Release;
		};
		154130B02F0D4D5E0049340B /* Debug */ = {
			isa = XCBuildConfiguration;
			buildSettings = {
				ASSETCATALOG_COMPILER_APPICON_NAME = AppIcon;
				ASSETCATALOG_COMPILER_GLOBAL_ACCENT_COLOR_NAME = AccentColor;
				CODE_SIGN_STYLE = Automatic;
				CURRENT_PROJECT_VERSION = 1;
				GENERATE_INFOPLIST_FILE = YES;
				INFOPLIST_FILE = "grocery-app/Info.plist";
				INFOPLIST_KEY_UIApplicationSupportsIndirectInputEvents = YES;
				INFOPLIST_KEY_UILaunchStoryboardName = LaunchScreen;
				INFOPLIST_KEY_UISupportedInterfaceOrientations = UIInterfaceOrientationPortrait;
				INFOPLIST_KEY_UISupportedInterfaceOrientations_iPad = "UIInterfaceOrientationLandscapeLeft UIInterfaceOrientationLandscapeRight UIInterfaceOrientationPortrait UIInterfaceOrientationPortraitUpsideDown";
				LD_RUNPATH_SEARCH_PATHS = (
					"$(inherited)",
					"@executable_path/Frameworks",
				);
				MARKETING_VERSION = 1.0;
				PRODUCT_BUNDLE_IDENTIFIER = "DinhXuanTung.grocery-app";
				PRODUCT_NAME = "$(TARGET_NAME)";
				SUPPORTED_PLATFORMS = "iphoneos iphonesimulator";
				SUPPORTS_MACCATALYST = NO;
				SUPPORTS_XR_DESIGNED_FOR_IPHONE_IPAD = NO;
				SWIFT_EMIT_LOC_STRINGS = YES;
				SWIFT_VERSION = 5.0;
				TARGETED_DEVICE_FAMILY = "1,2";
			};
			name = Debug;
		};
		154130B12F0D4D5E0049340B /* Release */ = {
			isa = XCBuildConfiguration;
			buildSettings = {
				ASSETCATALOG_COMPILER_APPICON_NAME = AppIcon;
				ASSETCATALOG_COMPILER_GLOBAL_ACCENT_COLOR_NAME = AccentColor;
				CODE_SIGN_STYLE = Automatic;
				CURRENT_PROJECT_VERSION = 1;
				GENERATE_INFOPLIST_FILE = YES;
				INFOPLIST_FILE = "grocery-app/Info.plist";
				INFOPLIST_KEY_UIApplicationSupportsIndirectInputEvents = YES;
				INFOPLIST_KEY_UILaunchStoryboardName = LaunchScreen;
				INFOPLIST_KEY_UISupportedInterfaceOrientations = UIInterfaceOrientationPortrait;
				INFOPLIST_KEY_UISupportedInterfaceOrientations_iPad = "UIInterfaceOrientationLandscapeLeft UIInterfaceOrientationLandscapeRight UIInterfaceOrientationPortrait UIInterfaceOrientationPortraitUpsideDown";
				LD_RUNPATH_SEARCH_PATHS = (
					"$(inherited)",
					"@executable_path/Frameworks",
				);
				MARKETING_VERSION = 1.0;
				PRODUCT_BUNDLE_IDENTIFIER = "DinhXuanTung.grocery-app";
				PRODUCT_NAME = "$(TARGET_NAME)";
				SUPPORTED_PLATFORMS = "iphoneos iphonesimulator";
				SUPPORTS_MACCATALYST = NO;
				SUPPORTS_XR_DESIGNED_FOR_IPHONE_IPAD = NO;
				SWIFT_EMIT_LOC_STRINGS = YES;
				SWIFT_VERSION = 5.0;
				TARGETED_DEVICE_FAMILY = "1,2";
			};
			name = Release;
		};
/* End XCBuildConfiguration section */

/* Begin XCConfigurationList section */
		154130962F0D4D5A0049340B /* Build configuration list for PBXProject "grocery-app" */ = {
			isa = XCConfigurationList;
			buildConfigurations = (
				154130AD2F0D4D5E0049340B /* Debug */,
				154130AE2F0D4D5E0049340B /* Release */,
			);
			defaultConfigurationIsVisible = 0;
			defaultConfigurationName = Release;
		};
		154130AF2F0D4D5E0049340B /* Build configuration list for PBXNativeTarget "grocery-app" */ = {
			isa = XCConfigurationList;
			buildConfigurations = (
				154130B02F0D4D5E0049340B /* Debug */,
				154130B12F0D4D5E0049340B /* Release */,
			);
			defaultConfigurationIsVisible = 0;
			defaultConfigurationName = Release;
		};
/* End XCConfigurationList section */
	};
	rootObject = 154130932F0D4D5A0049340B /* Project object */;
}
